
Microsoft Visual Studio Solution File, Format Version 12.00
# Visual Studio Version 16
VisualStudioVersion = 16.0.31727.386
MinimumVisualStudioVersion = 10.0.40219.1
Project("{9A19103F-16F7-4668-BE54-9A1E7A4F7556}") = "ConsoleParcer", "..\ConsoleParcer\ConsoleParcer.csproj", "{45C745A3-5C63-443E-8A64-C4AF44152175}"
EndProject
Project("{FAE04EC0-301F-11D3-BF4B-00C04F79EFBC}") = "SongsParcer", "SongsParcer.csproj", "{5E98173B-5E8B-4128-9E51-62C5CDFC25C8}"
EndProject
Global
	GlobalSection(SolutionConfigurationPlatforms) = preSolution
		Debug|Any CPU = Debug|Any CPU
		Release|Any CPU = Release|Any CPU
	EndGlobalSection
	GlobalSection(ProjectConfigurationPlatforms) = postSolution
		{45C745A3-5C63-443E-8A64-C4AF44152175}.Debug|Any CPU.ActiveCfg = Debug|Any CPU
		{45C745A3-5C63-443E-8A64-C4AF44152175}.Debug|Any CPU.Build.0 = Debug|Any CPU
		{45C745A3-5C63-443E-8A64-C4AF44152175}.Release|Any CPU.ActiveCfg = Release|Any CPU
		{45C745A3-5C63-443E-8A64-C4AF44152175}.Release|Any CPU.Build.0 = Release|Any CPU
		{5E98173B-5E8B-4128-9E51-62C5CDFC25C8}.Debug|Any CPU.ActiveCfg = Debug|Any CPU
		{5E98173B-5E8B-4128-9E51-62C5CDFC25C8}.Debug|Any CPU.Build.0 = Debug|Any CPU
		{5E98173B-5E8B-4128-9E51-62C5CDFC25C8}.Release|Any CPU.ActiveCfg = Release|Any CPU
		{5E98173B-5E8B-4128-9E51-62C5CDFC25C8}.Release|Any CPU.Build.0 = Release|Any CPU
	EndGlobalSection
	GlobalSection(SolutionProperties) = preSolution
		HideSolutionNode = FALSE
	EndGlobalSection
	GlobalSection(ExtensibilityGlobals) = postSolution
		SolutionGuid = {F6CD477A-C1F1-4394-B52C-AB5F66991606}
	EndGlobalSection
EndGlobal
